// !$*UTF8*$!
{
	archiveVersion = 1;
	classes = {
	};
	objectVersion = 77;
	objects = {

/* Begin PBXBuildFile section */
		W1D2E3E22FE90001009E8970 /* ReadinessWidget.appex in Embed App Extensions */ = {isa = PBXBuildFile; fileRef = W1D2E3T32FE90001009E8970 /* ReadinessWidget.appex */; settings = {ATTRIBUTES = (RemoveHeadersOnCopy, ); }; };
/* End PBXBuildFile section */

/* Begin PBXContainerItemProxy section */
		A1B2C3D42FE8478A009E8971 /* PBXContainerItemProxy */ = {
			isa = PBXContainerItemProxy;
			containerPortal = 46E958052FE8478A009E8970 /* Project object */;
			proxyType = 1;
			remoteGlobalIDString = 46E9580C2FE8478A009E8970;
			remoteInfo = MyAFBase;
		};
		W1D2E3P42FE90001009E8970 /* PBXContainerItemProxy */ = {
			isa = PBXContainerItemProxy;
			containerPortal = 46E958052FE8478A009E8970 /* Project object */;
			proxyType = 1;
			remoteGlobalIDString = W1D2E3T02FE90001009E8970;
			remoteInfo = ReadinessWidget;
		};
/* End PBXContainerItemProxy section */

/* Begin PBXCopyFilesBuildPhase section */
		W1D2E3E12FE90001009E8970 /* Embed App Extensions */ = {
			isa = PBXCopyFilesBuildPhase;
			buildActionMask = 2147483647;
			dstPath = "";
			dstSubfolderSpec = 13;
			files = (
				W1D2E3E22FE90001009E8970 /* ReadinessWidget.appex in Embed App Extensions */,
			);
			name = "Embed App Extensions";
			runOnlyForDeploymentPostprocessing = 0;
		};
/* End PBXCopyFilesBuildPhase section */

/* Begin PBXFileReference section */
		46E9580D2FE8478A009E8970 /* MyAFBase.app */ = {isa = PBXFileReference; explicitFileType = wrapper.application; includeInIndex = 0; path = MyAFBase.app; sourceTree = BUILT_PRODUCTS_DIR; };
		A1B2C3D12FE8478A009E8971 /* MyAFBaseTests.xctest */ = {isa = PBXFileReference; explicitFileType = wrapper.cfbundle; includeInIndex = 0; path = MyAFBaseTests.xctest; sourceTree = BUILT_PRODUCTS_DIR; };
		W1D2E3T32FE90001009E8970 /* ReadinessWidget.appex */ = {isa = PBXFileReference; explicitFileType = "wrapper.app-extension"; includeInIndex = 0; path = ReadinessWidget.appex; sourceTree = BUILT_PRODUCTS_DIR; };
/* End PBXFileReference section */

/* Begin PBXFileSystemSynchronizedBuildFileExceptionSet section */
		W1D2E3EX22FE90001009E8970 /* Exceptions for "ReadinessWidget" folder in "ReadinessWidget" target */ = {
			isa = PBXFileSystemSynchronizedBuildFileExceptionSet;
			membershipExceptions = (
				Info.plist,
			);
			target = W1D2E3T02FE90001009E8970 /* ReadinessWidget */;
		};
/* End PBXFileSystemSynchronizedBuildFileExceptionSet section */

/* Begin PBXFileSystemSynchronizedRootGroup section */
		46E9580F2FE8478A009E8970 /* MyAFBase */ = {
			isa = PBXFileSystemSynchronizedRootGroup;
			path = MyAFBase;
			sourceTree = "<group>";
		};
		A1B2C3D22FE8478A009E8971 /* MyAFBaseTests */ = {
			isa = PBXFileSystemSynchronizedRootGroup;
			path = MyAFBaseTests;
			sourceTree = "<group>";
		};
		W1D2E3S22FE90001009E8970 /* Shared */ = {
			isa = PBXFileSystemSynchronizedRootGroup;
			path = Shared;
			sourceTree = "<group>";
		};
		W1D2E3T22FE90001009E8970 /* ReadinessWidget */ = {
			isa = PBXFileSystemSynchronizedRootGroup;
			exceptions = (
				W1D2E3EX22FE90001009E8970 /* Exceptions for "ReadinessWidget" folder in "ReadinessWidget" target */,
			);
			path = ReadinessWidget;
			sourceTree = "<group>";
		};
/* End PBXFileSystemSynchronizedRootGroup section */

/* Begin PBXFrameworksBuildPhase section */
		46E9580A2FE8478A009E8970 /* Frameworks */ = {
			isa = PBXFrameworksBuildPhase;
			buildActionMask = 2147483647;
			files = (
			);
			runOnlyForDeploymentPostprocessing = 0;
		};
		A1B2C3D52FE8478A009E8971 /* Frameworks */ = {
			isa = PBXFrameworksBuildPhase;
			buildActionMask = 2147483647;
			files = (
			);
			runOnlyForDeploymentPostprocessing = 0;
		};
		W1D2E3F12FE90001009E8970 /* Frameworks */ = {
			isa = PBXFrameworksBuildPhase;
			buildActionMask = 2147483647;
			files = (
			);
			runOnlyForDeploymentPostprocessing = 0;
		};
/* End PBXFrameworksBuildPhase section */

/* Begin PBXGroup section */
		46E958042FE8478A009E8970 = {
			isa = PBXGroup;
			children = (
				46E9580F2FE8478A009E8970 /* MyAFBase */,
				W1D2E3S22FE90001009E8970 /* Shared */,
				W1D2E3T22FE90001009E8970 /* ReadinessWidget */,
				A1B2C3D22FE8478A009E8971 /* MyAFBaseTests */,
				46E9580E2FE8478A009E8970 /* Products */,
			);
			sourceTree = "<group>";
		};
		46E9580E2FE8478A009E8970 /* Products */ = {
			isa = PBXGroup;
			children = (
				46E9580D2FE8478A009E8970 /* MyAFBase.app */,
				W1D2E3T32FE90001009E8970 /* ReadinessWidget.appex */,
				A1B2C3D12FE8478A009E8971 /* MyAFBaseTests.xctest */,
			);
			name = Products;
			sourceTree = "<group>";
		};
/* End PBXGroup section */

/* Begin PBXNativeTarget section */
		46E9580C2FE8478A009E8970 /* MyAFBase */ = {
			isa = PBXNativeTarget;
			buildConfigurationList = 46E9581A2FE8478B009E8970 /* Build configuration list for PBXNativeTarget "MyAFBase" */;
			buildPhases = (
				46E958092FE8478A009E8970 /* Sources */,
				46E9580A2FE8478A009E8970 /* Frameworks */,
				46E9580B2FE8478A009E8970 /* Resources */,
				W1D2E3E12FE90001009E8970 /* Embed App Extensions */,
			);
			buildRules = (
			);
			dependencies = (
				W1D2E3TD2FE90001009E8970 /* PBXTargetDependency */,
			);
			fileSystemSynchronizedGroups = (
				46E9580F2FE8478A009E8970 /* MyAFBase */,
				W1D2E3S22FE90001009E8970 /* Shared */,
			);
			name = MyAFBase;
			packageProductDependencies = (
			);
			productName = MyAFBase;
			productReference = 46E9580D2FE8478A009E8970 /* MyAFBase.app */;
			productType = "com.apple.product-type.application";
		};
		A1B2C3D32FE8478A009E8971 /* MyAFBaseTests */ = {
			isa = PBXNativeTarget;
			buildConfigurationList = A1B2C3D82FE8478A009E8971 /* Build configuration list for PBXNativeTarget "MyAFBaseTests" */;
			buildPhases = (
				A1B2C3D62FE8478A009E8971 /* Sources */,
				A1B2C3D52FE8478A009E8971 /* Frameworks */,
				A1B2C3D72FE8478A009E8971 /* Resources */,
			);
			buildRules = (
			);
			dependencies = (
				A1B2C3D92FE8478A009E8971 /* PBXTargetDependency */,
			);
			fileSystemSynchronizedGroups = (
				A1B2C3D22FE8478A009E8971 /* MyAFBaseTests */,
			);
			name = MyAFBaseTests;
			packageProductDependencies = (
			);
			productName = MyAFBaseTests;
			productReference = A1B2C3D12FE8478A009E8971 /* MyAFBaseTests.xctest */;
			productType = "com.apple.product-type.bundle.unit-test";
		};
		W1D2E3T02FE90001009E8970 /* ReadinessWidget */ = {
			isa = PBXNativeTarget;
			buildConfigurationList = W1D2E3CL2FE90001009E8970 /* Build configuration list for PBXNativeTarget "ReadinessWidget" */;
			buildPhases = (
				W1D2E3S12FE90001009E8970 /* Sources */,
				W1D2E3F12FE90001009E8970 /* Frameworks */,
				W1D2E3R12FE90001009E8970 /* Resources */,
			);
			buildRules = (
			);
			dependencies = (
			);
			fileSystemSynchronizedGroups = (
				W1D2E3S22FE90001009E8970 /* Shared */,
				W1D2E3T22FE90001009E8970 /* ReadinessWidget */,
			);
			name = ReadinessWidget;
			packageProductDependencies = (
			);
			productName = ReadinessWidget;
			productReference = W1D2E3T32FE90001009E8970 /* ReadinessWidget.appex */;
			productType = "com.apple.product-type.app-extension";
		};
/* End PBXNativeTarget section */

/* Begin PBXProject section */
		46E958052FE8478A009E8970 /* Project object */ = {
			isa = PBXProject;
			attributes = {
				BuildIndependentTargetsInParallel = 1;
				LastSwiftUpdateCheck = 2620;
				LastUpgradeCheck = 2620;
				TargetAttributes = {
					46E9580C2FE8478A009E8970 = {
						CreatedOnToolsVersion = 26.2;
					};
					A1B2C3D32FE8478A009E8971 = {
						CreatedOnToolsVersion = 26.2;
						TestTargetID = 46E9580C2FE8478A009E8970;
					};
					W1D2E3T02FE90001009E8970 = {
						CreatedOnToolsVersion = 26.2;
					};
				};
			};
			buildConfigurationList = 46E958082FE8478A009E8970 /* Build configuration list for PBXProject "MyAFBase" */;
			developmentRegion = en;
			hasScannedForEncodings = 0;
			knownRegions = (
				en,
				Base,
			);
			mainGroup = 46E958042FE8478A009E8970;
			minimizedProjectReferenceProxies = 1;
			preferredProjectObjectVersion = 77;
			productRefGroup = 46E9580E2FE8478A009E8970 /* Products */;
			projectDirPath = "";
			projectRoot = "";
			targets = (
				46E9580C2FE8478A009E8970 /* MyAFBase */,
				W1D2E3T02FE90001009E8970 /* ReadinessWidget */,
				A1B2C3D32FE8478A009E8971 /* MyAFBaseTests */,
			);
		};
/* End PBXProject section */

/* Begin PBXResourcesBuildPhase section */
		46E9580B2FE8478A009E8970 /* Resources */ = {
			isa = PBXResourcesBuildPhase;
			buildActionMask = 2147483647;
			files = (
			);
			runOnlyForDeploymentPostprocessing = 0;
		};
		A1B2C3D72FE8478A009E8971 /* Resources */ = {
			isa = PBXResourcesBuildPhase;
			buildActionMask = 2147483647;
			files = (
			);
			runOnlyForDeploymentPostprocessing = 0;
		};
		W1D2E3R12FE90001009E8970 /* Resources */ = {
			isa = PBXResourcesBuildPhase;
			buildActionMask = 2147483647;
			files = (
			);
			runOnlyForDeploymentPostprocessing = 0;
		};
/* End PBXResourcesBuildPhase section */

/* Begin PBXSourcesBuildPhase section */
		46E958092FE8478A009E8970 /* Sources */ = {
			isa = PBXSourcesBuildPhase;
			buildActionMask = 2147483647;
			files = (
			);
			runOnlyForDeploymentPostprocessing = 0;
		};
		A1B2C3D62FE8478A009E8971 /* Sources */ = {
			isa = PBXSourcesBuildPhase;
			buildActionMask = 2147483647;
			files = (
			);
			runOnlyForDeploymentPostprocessing = 0;
		};
		W1D2E3S12FE90001009E8970 /* Sources */ = {
			isa = PBXSourcesBuildPhase;
			buildActionMask = 2147483647;
			files = (
			);
			runOnlyForDeploymentPostprocessing = 0;
		};
/* End PBXSourcesBuildPhase section */

/* Begin PBXTargetDependency section */
		A1B2C3D92FE8478A009E8971 /* PBXTargetDependency */ = {
			isa = PBXTargetDependency;
			target = 46E9580C2FE8478A009E8970 /* MyAFBase */;
			targetProxy = A1B2C3D42FE8478A009E8971 /* PBXContainerItemProxy */;
		};
		W1D2E3TD2FE90001009E8970 /* PBXTargetDependency */ = {
			isa = PBXTargetDependency;
			target = W1D2E3T02FE90001009E8970 /* ReadinessWidget */;
			targetProxy = W1D2E3P42FE90001009E8970 /* PBXContainerItemProxy */;
		};
/* End PBXTargetDependency section */

/* Begin XCBuildConfiguration section */
		46E958182FE8478B009E8970 /* Debug */ = {
			isa = XCBuildConfiguration;
			buildSettings = {
				ALWAYS_SEARCH_USER_PATHS = NO;
				ASSETCATALOG_COMPILER_GENERATE_SWIFT_ASSET_SYMBOL_EXTENSIONS = YES;
				CLANG_ANALYZER_NONNULL = YES;
				CLANG_ANALYZER_NUMBER_OBJECT_CONVERSION = YES_AGGRESSIVE;
				CLANG_CXX_LANGUAGE_STANDARD = "gnu++20";
				CLANG_ENABLE_MODULES = YES;
				CLANG_ENABLE_OBJC_ARC = YES;
				CLANG_ENABLE_OBJC_WEAK = YES;
				CLANG_WARN_BLOCK_CAPTURE_AUTORELEASING = YES;
				CLANG_WARN_BOOL_CONVERSION = YES;
				CLANG_WARN_COMMA = YES;
				CLANG_WARN_CONSTANT_CONVERSION = YES;
				CLANG_WARN_DEPRECATED_OBJC_IMPLEMENTATIONS = YES;
				CLANG_WARN_DIRECT_OBJC_ISA_USAGE = YES_ERROR;
				CLANG_WARN_DOCUMENTATION_COMMENTS = YES;
				CLANG_WARN_EMPTY_BODY = YES;
				CLANG_WARN_ENUM_CONVERSION = YES;
				CLANG_WARN_INFINITE_RECURSION = YES;
				CLANG_WARN_INT_CONVERSION = YES;
				CLANG_WARN_NON_LITERAL_NULL_CONVERSION = YES;
				CLANG_WARN_OBJC_IMPLICIT_RETAIN_SELF = YES;
				CLANG_WARN_OBJC_LITERAL_CONVERSION = YES;
				CLANG_WARN_OBJC_ROOT_CLASS = YES_ERROR;
				CLANG_WARN_QUOTED_INCLUDE_IN_FRAMEWORK_HEADER = YES;
				CLANG_WARN_RANGE_LOOP_ANALYSIS = YES;
				CLANG_WARN_STRICT_PROTOTYPES = YES;
				CLANG_WARN_SUSPICIOUS_MOVE = YES;
				CLANG_WARN_UNGUARDED_AVAILABILITY = YES_AGGRESSIVE;
				CLANG_WARN_UNREACHABLE_CODE = YES;
				CLANG_WARN__DUPLICATE_METHOD_MATCH = YES;
				COPY_PHASE_STRIP = NO;
				DEBUG_INFORMATION_FORMAT = dwarf;
				DEVELOPMENT_TEAM = URDCT94V59;
				ENABLE_STRICT_OBJC_MSGSEND = YES;
				ENABLE_TESTABILITY = YES;
				ENABLE_USER_SCRIPT_SANDBOXING = YES;
				GCC_C_LANGUAGE_STANDARD = gnu17;
				GCC_DYNAMIC_NO_PIC = NO;
				GCC_NO_COMMON_BLOCKS = YES;
				GCC_OPTIMIZATION_LEVEL = 0;
				GCC_PREPROCESSOR_DEFINITIONS = (
					"DEBUG=1",
					"$(inherited)",
				);
				GCC_WARN_64_TO_32_BIT_CONVERSION = YES;
				GCC_WARN_ABOUT_RETURN_TYPE = YES_ERROR;
				GCC_WARN_UNDECLARED_SELECTOR = YES;
				GCC_WARN_UNINITIALIZED_AUTOS = YES_AGGRESSIVE;
				GCC_WARN_UNUSED_FUNCTION = YES;
				GCC_WARN_UNUSED_VARIABLE = YES;
				IPHONEOS_DEPLOYMENT_TARGET = 26.2;
				LOCALIZATION_PREFERS_STRING_CATALOGS = YES;
				MTL_ENABLE_DEBUG_INFO = INCLUDE_SOURCE;
				MTL_FAST_MATH = YES;
				ONLY_ACTIVE_ARCH = YES;
				SDKROOT = iphoneos;
				SWIFT_ACTIVE_COMPILATION_CONDITIONS = "DEBUG $(inherited)";
				SWIFT_OPTIMIZATION_LEVEL = "-Onone";
			};
			name = Debug;
		};
		46E958192FE8478B009E8970 /* Release */ = {
			isa = XCBuildConfiguration;
			buildSettings = {
				ALWAYS_SEARCH_USER_PATHS = NO;
				ASSETCATALOG_COMPILER_GENERATE_SWIFT_ASSET_SYMBOL_EXTENSIONS = YES;
				CLANG_ANALYZER_NONNULL = YES;
				CLANG_ANALYZER_NUMBER_OBJECT_CONVERSION = YES_AGGRESSIVE;
				CLANG_CXX_LANGUAGE_STANDARD = "gnu++20";
				CLANG_ENABLE_MODULES = YES;
				CLANG_ENABLE_OBJC_ARC = YES;
				CLANG_ENABLE_OBJC_WEAK = YES;
				CLANG_WARN_BLOCK_CAPTURE_AUTORELEASING = YES;
				CLANG_WARN_BOOL_CONVERSION = YES;
				CLANG_WARN_COMMA = YES;
				CLANG_WARN_CONSTANT_CONVERSION = YES;
				CLANG_WARN_DEPRECATED_OBJC_IMPLEMENTATIONS = YES;
				CLANG_WARN_DIRECT_OBJC_ISA_USAGE = YES_ERROR;
				CLANG_WARN_DOCUMENTATION_COMMENTS = YES;
				CLANG_WARN_EMPTY_BODY = YES;
				CLANG_WARN_ENUM_CONVERSION = YES;
				CLANG_WARN_INFINITE_RECURSION = YES;
				CLANG_WARN_INT_CONVERSION = YES;
				CLANG_WARN_NON_LITERAL_NULL_CONVERSION = YES;
				CLANG_WARN_OBJC_IMPLICIT_RETAIN_SELF = YES;
				CLANG_WARN_OBJC_LITERAL_CONVERSION = YES;
				CLANG_WARN_OBJC_ROOT_CLASS = YES_ERROR;
				CLANG_WARN_QUOTED_INCLUDE_IN_FRAMEWORK_HEADER = YES;
				CLANG_WARN_RANGE_LOOP_ANALYSIS = YES;
				CLANG_WARN_STRICT_PROTOTYPES = YES;
				CLANG_WARN_SUSPICIOUS_MOVE = YES;
				CLANG_WARN_UNGUARDED_AVAILABILITY = YES_AGGRESSIVE;
				CLANG_WARN_UNREACHABLE_CODE = YES;
				CLANG_WARN__DUPLICATE_METHOD_MATCH = YES;
				COPY_PHASE_STRIP = NO;
				DEBUG_INFORMATION_FORMAT = "dwarf-with-dsym";
				DEVELOPMENT_TEAM = URDCT94V59;
				ENABLE_NS_ASSERTIONS = NO;
				ENABLE_STRICT_OBJC_MSGSEND = YES;
				ENABLE_USER_SCRIPT_SANDBOXING = YES;
				GCC_C_LANGUAGE_STANDARD = gnu17;
				GCC_NO_COMMON_BLOCKS = YES;
				GCC_WARN_64_TO_32_BIT_CONVERSION = YES;
				GCC_WARN_ABOUT_RETURN_TYPE = YES_ERROR;
				GCC_WARN_UNDECLARED_SELECTOR = YES;
				GCC_WARN_UNINITIALIZED_AUTOS = YES_AGGRESSIVE;
				GCC_WARN_UNUSED_FUNCTION = YES;
				GCC_WARN_UNUSED_VARIABLE = YES;
				IPHONEOS_DEPLOYMENT_TARGET = 26.2;
				LOCALIZATION_PREFERS_STRING_CATALOGS = YES;
				MTL_ENABLE_DEBUG_INFO = NO;
				MTL_FAST_MATH = YES;
				SDKROOT = iphoneos;
				SWIFT_COMPILATION_MODE = wholemodule;
				VALIDATE_PRODUCT = YES;
			};
			name = Release;
		};
		46E9581B2FE8478B009E8970 /* Debug */ = {
			isa = XCBuildConfiguration;
			buildSettings = {
				ASSETCATALOG_COMPILER_APPICON_NAME = AppIcon;
				ASSETCATALOG_COMPILER_GLOBAL_ACCENT_COLOR_NAME = AccentColor;
				ASSETCATALOG_COMPILER_INCLUDE_ALL_APPICON_ASSETS = YES;
				CODE_SIGN_ENTITLEMENTS = MyAFBase/MyAFBase.entitlements;
				"CODE_SIGN_ENTITLEMENTS[sdk=iphonesimulator*]" = "MyAFBase/MyAFBase-Simulator.entitlements";
				CODE_SIGN_STYLE = Automatic;
				CURRENT_PROJECT_VERSION = 1;
				DEVELOPMENT_TEAM = URDCT94V59;
				ENABLE_PREVIEWS = YES;
				GENERATE_INFOPLIST_FILE = YES;
				INFOPLIST_KEY_NSUserNotificationsUsageDescription = "MyAFBase sends local reminders before your readiness due dates.";
				INFOPLIST_KEY_UIApplicationSceneManifest_Generation = YES;
				INFOPLIST_KEY_UIApplicationSupportsIndirectInputEvents = YES;
				INFOPLIST_KEY_UILaunchScreen_Generation = YES;
				INFOPLIST_KEY_UISupportedInterfaceOrientations_iPad = "UIInterfaceOrientationPortrait UIInterfaceOrientationPortraitUpsideDown UIInterfaceOrientationLandscapeLeft UIInterfaceOrientationLandscapeRight";
				INFOPLIST_KEY_UISupportedInterfaceOrientations_iPhone = "UIInterfaceOrientationPortrait UIInterfaceOrientationLandscapeLeft UIInterfaceOrientationLandscapeRight";
				LD_RUNPATH_SEARCH_PATHS = (
					"$(inherited)",
					"@executable_path/Frameworks",
				);
				MARKETING_VERSION = 1.0;
				PRODUCT_BUNDLE_IDENTIFIER = com.ryanladuca.MyAFBase;
				PRODUCT_NAME = "$(TARGET_NAME)";
				STRING_CATALOG_GENERATE_SYMBOLS = YES;
				SWIFT_APPROACHABLE_CONCURRENCY = YES;
				SWIFT_DEFAULT_ACTOR_ISOLATION = MainActor;
				SWIFT_EMIT_LOC_STRINGS = YES;
				SWIFT_UPCOMING_FEATURE_MEMBER_IMPORT_VISIBILITY = YES;
				SWIFT_VERSION = 5.0;
				TARGETED_DEVICE_FAMILY = "1,2";
			};
			name = Debug;
		};
		46E9581C2FE8478B009E8970 /* Release */ = {
			isa = XCBuildConfiguration;
			buildSettings = {
				ASSETCATALOG_COMPILER_APPICON_NAME = AppIcon;
				ASSETCATALOG_COMPILER_GLOBAL_ACCENT_COLOR_NAME = AccentColor;
				ASSETCATALOG_COMPILER_INCLUDE_ALL_APPICON_ASSETS = YES;
				CODE_SIGN_ENTITLEMENTS = MyAFBase/MyAFBase.entitlements;
				"CODE_SIGN_ENTITLEMENTS[sdk=iphonesimulator*]" = "MyAFBase/MyAFBase-Simulator.entitlements";
				CODE_SIGN_STYLE = Automatic;
				CURRENT_PROJECT_VERSION = 1;
				DEVELOPMENT_TEAM = URDCT94V59;
				ENABLE_PREVIEWS = YES;
				GENERATE_INFOPLIST_FILE = YES;
				INFOPLIST_KEY_NSUserNotificationsUsageDescription = "MyAFBase sends local reminders before your readiness due dates.";
				INFOPLIST_KEY_UIApplicationSceneManifest_Generation = YES;
				INFOPLIST_KEY_UIApplicationSupportsIndirectInputEvents = YES;
				INFOPLIST_KEY_UILaunchScreen_Generation = YES;
				INFOPLIST_KEY_UISupportedInterfaceOrientations_iPad = "UIInterfaceOrientationPortrait UIInterfaceOrientationPortraitUpsideDown UIInterfaceOrientationLandscapeLeft UIInterfaceOrientationLandscapeRight";
				INFOPLIST_KEY_UISupportedInterfaceOrientations_iPhone = "UIInterfaceOrientationPortrait UIInterfaceOrientationLandscapeLeft UIInterfaceOrientationLandscapeRight";
				LD_RUNPATH_SEARCH_PATHS = (
					"$(inherited)",
					"@executable_path/Frameworks",
				);
				MARKETING_VERSION = 1.0;
				PRODUCT_BUNDLE_IDENTIFIER = com.ryanladuca.MyAFBase;
				PRODUCT_NAME = "$(TARGET_NAME)";
				STRING_CATALOG_GENERATE_SYMBOLS = YES;
				SWIFT_APPROACHABLE_CONCURRENCY = YES;
				SWIFT_DEFAULT_ACTOR_ISOLATION = MainActor;
				SWIFT_EMIT_LOC_STRINGS = YES;
				SWIFT_UPCOMING_FEATURE_MEMBER_IMPORT_VISIBILITY = YES;
				SWIFT_VERSION = 5.0;
				TARGETED_DEVICE_FAMILY = "1,2";
			};
			name = Release;
		};
		A1B2C3DA2FE8478A009E8971 /* Debug */ = {
			isa = XCBuildConfiguration;
			buildSettings = {
				BUNDLE_LOADER = "$(TEST_HOST)";
				CODE_SIGN_STYLE = Automatic;
				CURRENT_PROJECT_VERSION = 1;
				DEVELOPMENT_TEAM = URDCT94V59;
				GENERATE_INFOPLIST_FILE = YES;
				IPHONEOS_DEPLOYMENT_TARGET = 26.2;
				MARKETING_VERSION = 1.0;
				PRODUCT_BUNDLE_IDENTIFIER = com.ryanladuca.MyAFBaseTests;
				PRODUCT_NAME = "$(TARGET_NAME)";
				SWIFT_APPROACHABLE_CONCURRENCY = YES;
				SWIFT_DEFAULT_ACTOR_ISOLATION = MainActor;
				SWIFT_UPCOMING_FEATURE_MEMBER_IMPORT_VISIBILITY = YES;
				SWIFT_VERSION = 5.0;
				TARGETED_DEVICE_FAMILY = "1,2";
				TEST_HOST = "$(BUILT_PRODUCTS_DIR)/MyAFBase.app/$(BUNDLE_EXECUTABLE_FOLDER_PATH)/MyAFBase";
			};
			name = Debug;
		};
		A1B2C3DB2FE8478A009E8971 /* Release */ = {
			isa = XCBuildConfiguration;
			buildSettings = {
				BUNDLE_LOADER = "$(TEST_HOST)";
				CODE_SIGN_STYLE = Automatic;
				CURRENT_PROJECT_VERSION = 1;
				DEVELOPMENT_TEAM = URDCT94V59;
				GENERATE_INFOPLIST_FILE = YES;
				IPHONEOS_DEPLOYMENT_TARGET = 26.2;
				MARKETING_VERSION = 1.0;
				PRODUCT_BUNDLE_IDENTIFIER = com.ryanladuca.MyAFBaseTests;
				PRODUCT_NAME = "$(TARGET_NAME)";
				SWIFT_APPROACHABLE_CONCURRENCY = YES;
				SWIFT_DEFAULT_ACTOR_ISOLATION = MainActor;
				SWIFT_UPCOMING_FEATURE_MEMBER_IMPORT_VISIBILITY = YES;
				SWIFT_VERSION = 5.0;
				TARGETED_DEVICE_FAMILY = "1,2";
				TEST_HOST = "$(BUILT_PRODUCTS_DIR)/MyAFBase.app/$(BUNDLE_EXECUTABLE_FOLDER_PATH)/MyAFBase";
			};
			name = Release;
		};
		W1D2E3A22FE90001009E8970 /* Debug */ = {
			isa = XCBuildConfiguration;
			buildSettings = {
				CODE_SIGN_ENTITLEMENTS = ReadinessWidget/ReadinessWidget.entitlements;
				"CODE_SIGN_ENTITLEMENTS[sdk=iphonesimulator*]" = "ReadinessWidget/ReadinessWidget-Simulator.entitlements";
				CODE_SIGN_STYLE = Automatic;
				CURRENT_PROJECT_VERSION = 1;
				DEVELOPMENT_TEAM = URDCT94V59;
				GENERATE_INFOPLIST_FILE = YES;
				INFOPLIST_FILE = ReadinessWidget/Info.plist;
				INFOPLIST_KEY_CFBundleDisplayName = Readiness;
				INFOPLIST_KEY_NSHumanReadableCopyright = "";
				IPHONEOS_DEPLOYMENT_TARGET = 26.2;
				LD_RUNPATH_SEARCH_PATHS = (
					"$(inherited)",
					"@executable_path/Frameworks",
					"@executable_path/../../Frameworks",
				);
				MARKETING_VERSION = 1.0;
				PRODUCT_BUNDLE_IDENTIFIER = com.ryanladuca.MyAFBase.ReadinessWidget;
				PRODUCT_NAME = "$(TARGET_NAME)";
				SKIP_INSTALL = YES;
				SWIFT_APPROACHABLE_CONCURRENCY = YES;
				SWIFT_EMIT_LOC_STRINGS = YES;
				SWIFT_UPCOMING_FEATURE_MEMBER_IMPORT_VISIBILITY = YES;
				SWIFT_VERSION = 5.0;
				TARGETED_DEVICE_FAMILY = "1,2";
			};
			name = Debug;
		};
		W1D2E3B22FE90001009E8970 /* Release */ = {
			isa = XCBuildConfiguration;
			buildSettings = {
				CODE_SIGN_ENTITLEMENTS = ReadinessWidget/ReadinessWidget.entitlements;
				"CODE_SIGN_ENTITLEMENTS[sdk=iphonesimulator*]" = "ReadinessWidget/ReadinessWidget-Simulator.entitlements";
				CODE_SIGN_STYLE = Automatic;
				CURRENT_PROJECT_VERSION = 1;
				DEVELOPMENT_TEAM = URDCT94V59;
				GENERATE_INFOPLIST_FILE = YES;
				INFOPLIST_FILE = ReadinessWidget/Info.plist;
				INFOPLIST_KEY_CFBundleDisplayName = Readiness;
				INFOPLIST_KEY_NSHumanReadableCopyright = "";
				IPHONEOS_DEPLOYMENT_TARGET = 26.2;
				LD_RUNPATH_SEARCH_PATHS = (
					"$(inherited)",
					"@executable_path/Frameworks",
					"@executable_path/../../Frameworks",
				);
				MARKETING_VERSION = 1.0;
				PRODUCT_BUNDLE_IDENTIFIER = com.ryanladuca.MyAFBase.ReadinessWidget;
				PRODUCT_NAME = "$(TARGET_NAME)";
				SKIP_INSTALL = YES;
				SWIFT_APPROACHABLE_CONCURRENCY = YES;
				SWIFT_EMIT_LOC_STRINGS = YES;
				SWIFT_UPCOMING_FEATURE_MEMBER_IMPORT_VISIBILITY = YES;
				SWIFT_VERSION = 5.0;
				TARGETED_DEVICE_FAMILY = "1,2";
			};
			name = Release;
		};
/* End XCBuildConfiguration section */

/* Begin XCConfigurationList section */
		46E958082FE8478A009E8970 /* Build configuration list for PBXProject "MyAFBase" */ = {
			isa = XCConfigurationList;
			buildConfigurations = (
				46E958182FE8478B009E8970 /* Debug */,
				46E958192FE8478B009E8970 /* Release */,
			);
			defaultConfigurationIsVisible = 0;
			defaultConfigurationName = Release;
		};
		46E9581A2FE8478B009E8970 /* Build configuration list for PBXNativeTarget "MyAFBase" */ = {
			isa = XCConfigurationList;
			buildConfigurations = (
				46E9581B2FE8478B009E8970 /* Debug */,
				46E9581C2FE8478B009E8970 /* Release */,
			);
			defaultConfigurationIsVisible = 0;
			defaultConfigurationName = Release;
		};
		A1B2C3D82FE8478A009E8971 /* Build configuration list for PBXNativeTarget "MyAFBaseTests" */ = {
			isa = XCConfigurationList;
			buildConfigurations = (
				A1B2C3DA2FE8478A009E8971 /* Debug */,
				A1B2C3DB2FE8478A009E8971 /* Release */,
			);
			defaultConfigurationIsVisible = 0;
			defaultConfigurationName = Release;
		};
		W1D2E3CL2FE90001009E8970 /* Build configuration list for PBXNativeTarget "ReadinessWidget" */ = {
			isa = XCConfigurationList;
			buildConfigurations = (
				W1D2E3A22FE90001009E8970 /* Debug */,
				W1D2E3B22FE90001009E8970 /* Release */,
			);
			defaultConfigurationIsVisible = 0;
			defaultConfigurationName = Release;
		};
/* End XCConfigurationList section */
	};
	rootObject = 46E958052FE8478A009E8970 /* Project object */;
}
